
Microsoft Visual Studio Solution File, Format Version 12.00
# Visual Studio Version 17
VisualStudioVersion = 17.4.33213.308
MinimumVisualStudioVersion = 10.0.40219.1
Project("{FAE04EC0-301F-11D3-BF4B-00C04F79EFBC}") = "WebApplication2", "WebApplication2\WebApplication2.csproj", "{B10A6B3E-A605-4E6E-B36A-6AFAA5B6588B}"
EndProject
Project("{FAE04EC0-301F-11D3-BF4B-00C04F79EFBC}") = "ClassLibrary2", "ClassLibrary2\ClassLibrary2.csproj", "{62209882-B89F-4AF8-B655-0C00E1D8678D}"
EndProject
Global
	GlobalSection(SolutionConfigurationPlatforms) = preSolution
		Debug|Any CPU = Debug|Any CPU
		Release|Any CPU = Release|Any CPU
	EndGlobalSection
	GlobalSection(ProjectConfigurationPlatforms) = postSolution
		{B10A6B3E-A605-4E6E-B36A-6AFAA5B6588B}.Debug|Any CPU.ActiveCfg = Debug|Any CPU
		{B10A6B3E-A605-4E6E-B36A-6AFAA5B6588B}.Debug|Any CPU.Build.0 = Debug|Any CPU
		{B10A6B3E-A605-4E6E-B36A-6AFAA5B6588B}.Release|Any CPU.ActiveCfg = Release|Any CPU
		{B10A6B3E-A605-4E6E-B36A-6AFAA5B6588B}.Release|Any CPU.Build.0 = Release|Any CPU
		{62209882-B89F-4AF8-B655-0C00E1D8678D}.Debug|Any CPU.ActiveCfg = Debug|Any CPU
		{62209882-B89F-4AF8-B655-0C00E1D8678D}.Debug|Any CPU.Build.0 = Debug|Any CPU
		{62209882-B89F-4AF8-B655-0C00E1D8678D}.Release|Any CPU.ActiveCfg = Release|Any CPU
		{62209882-B89F-4AF8-B655-0C00E1D8678D}.Release|Any CPU.Build.0 = Release|Any CPU
	EndGlobalSection
	GlobalSection(SolutionProperties) = preSolution
		HideSolutionNode = FALSE
	EndGlobalSection
	GlobalSection(ExtensibilityGlobals) = postSolution
		SolutionGuid = {A03D0039-CA80-44DF-9FC7-2C2A0181209A}
	EndGlobalSection
EndGlobal
